
Microsoft Visual Studio Solution File, Format Version 12.00
# Visual Studio Version 17
VisualStudioVersion = 17.0.32112.339
MinimumVisualStudioVersion = 10.0.40219.1
Project("{FAE04EC0-301F-11D3-BF4B-00C04F79EFBC}") = "PickALock-Bot", "PickALock-Bot\PickALock-Bot.csproj", "{0FDCD984-6D36-4EC1-A373-789CD0BDEF32}"
EndProject
Global
	GlobalSection(SolutionConfigurationPlatforms) = preSolution
		Debug|Any CPU = Debug|Any CPU
		Release|Any CPU = Release|Any CPU
	EndGlobalSection
	GlobalSection(ProjectConfigurationPlatforms) = postSolution
		{0FDCD984-6D36-4EC1-A373-789CD0BDEF32}.Debug|Any CPU.ActiveCfg = Debug|Any CPU
		{0FDCD984-6D36-4EC1-A373-789CD0BDEF32}.Debug|Any CPU.Build.0 = Debug|Any CPU
		{0FDCD984-6D36-4EC1-A373-789CD0BDEF32}.Release|Any CPU.ActiveCfg = Release|Any CPU
		{0FDCD984-6D36-4EC1-A373-789CD0BDEF32}.Release|Any CPU.Build.0 = Release|Any CPU
	EndGlobalSection
	GlobalSection(SolutionProperties) = preSolution
		HideSolutionNode = FALSE
	EndGlobalSection
	GlobalSection(ExtensibilityGlobals) = postSolution
		SolutionGuid = {33BD4699-9848-4F16-A3E8-A44D53540BC3}
	EndGlobalSection
EndGlobal
